
Microsoft Visual Studio Solution File, Format Version 12.00
# Visual Studio 15
VisualStudioVersion = 15.0.28307.1525
MinimumVisualStudioVersion = 10.0.40219.1
Project("{FAE04EC0-301F-11D3-BF4B-00C04F79EFBC}") = "ExampleCollectionClass", "ExampleCollectionClass\ExampleCollectionClass.csproj", "{F86DF877-52DB-435C-B3AF-DC2B319A3D13}"
EndProject
Global
	GlobalSection(SolutionConfigurationPlatforms) = preSolution
		Debug|Any CPU = Debug|Any CPU
		Release|Any CPU = Release|Any CPU
	EndGlobalSection
	GlobalSection(ProjectConfigurationPlatforms) = postSolution
		{F86DF877-52DB-435C-B3AF-DC2B319A3D13}.Debug|Any CPU.ActiveCfg = Debug|Any CPU
		{F86DF877-52DB-435C-B3AF-DC2B319A3D13}.Debug|Any CPU.Build.0 = Debug|Any CPU
		{F86DF877-52DB-435C-B3AF-DC2B319A3D13}.Release|Any CPU.ActiveCfg = Release|Any CPU
		{F86DF877-52DB-435C-B3AF-DC2B319A3D13}.Release|Any CPU.Build.0 = Release|Any CPU
	EndGlobalSection
	GlobalSection(SolutionProperties) = preSolution
		HideSolutionNode = FALSE
	EndGlobalSection
	GlobalSection(ExtensibilityGlobals) = postSolution
		SolutionGuid = {01AE8C3E-4F01-49B3-A6E9-5AFA84467F9A}
	EndGlobalSection
EndGlobal
